
Microsoft Visual Studio Solution File, Format Version 10.00
# Visual Studio 2008
Project("{FAE04EC0-301F-11D3-BF4B-00C04F79EFBC}") = "CopyFilesXml", "CopyFilesXml\CopyFilesXml.csproj", "{41AF1F09-07BE-4030-8FE2-F2A70C940F84}"
EndProject
Project("{FAE04EC0-301F-11D3-BF4B-00C04F79EFBC}") = "CopyFilesXMLTests", "CopyFilesXMLTests\CopyFilesXMLTests.csproj", "{42C96D55-E09D-4941-BC57-EA1F1AE3E2CC}"
EndProject
Global
	GlobalSection(SolutionConfigurationPlatforms) = preSolution
		Debug|Any CPU = Debug|Any CPU
		Release|Any CPU = Release|Any CPU
	EndGlobalSection
	GlobalSection(ProjectConfigurationPlatforms) = postSolution
		{41AF1F09-07BE-4030-8FE2-F2A70C940F84}.Debug|Any CPU.ActiveCfg = Debug|Any CPU
		{41AF1F09-07BE-4030-8FE2-F2A70C940F84}.Debug|Any CPU.Build.0 = Debug|Any CPU
		{41AF1F09-07BE-4030-8FE2-F2A70C940F84}.Release|Any CPU.ActiveCfg = Release|Any CPU
		{41AF1F09-07BE-4030-8FE2-F2A70C940F84}.Release|Any CPU.Build.0 = Release|Any CPU
		{42C96D55-E09D-4941-BC57-EA1F1AE3E2CC}.Debug|Any CPU.ActiveCfg = Debug|Any CPU
		{42C96D55-E09D-4941-BC57-EA1F1AE3E2CC}.Debug|Any CPU.Build.0 = Debug|Any CPU
		{42C96D55-E09D-4941-BC57-EA1F1AE3E2CC}.Release|Any CPU.ActiveCfg = Release|Any CPU
		{42C96D55-E09D-4941-BC57-EA1F1AE3E2CC}.Release|Any CPU.Build.0 = Release|Any CPU
	EndGlobalSection
	GlobalSection(SolutionProperties) = preSolution
		HideSolutionNode = FALSE
	EndGlobalSection
EndGlobal
